// !$*UTF8*$!
{
	archiveVersion = 1;
	classes = {
	};
	objectVersion = 46;
	objects = {

/* Begin PBXBuildFile section */
		2F2BDB331DA90DA0009A137B /* ExtensionTest.swift in Sources */ = {isa = PBXBuildFile; fileRef = 2F2BDB321DA90DA0009A137B /* ExtensionTest.swift */; };
		2F3595481E44D9AE001E1435 /* Preferences.swift in Sources */ = {isa = PBXBuildFile; fileRef = 2F3595471E44D9AE001E1435 /* Preferences.swift */; };
		2F3595491E44D9AE001E1435 /* Preferences.swift in Sources */ = {isa = PBXBuildFile; fileRef = 2F3595471E44D9AE001E1435 /* Preferences.swift */; };
		2F35954A1E44D9AE001E1435 /* Preferences.swift in Sources */ = {isa = PBXBuildFile; fileRef = 2F3595471E44D9AE001E1435 /* Preferences.swift */; };
		2F35954B1E44D9AE001E1435 /* Preferences.swift in Sources */ = {isa = PBXBuildFile; fileRef = 2F3595471E44D9AE001E1435 /* Preferences.swift */; };
		2F4C327C1E573EB70089CD82 /* FormatTest.swift in Sources */ = {isa = PBXBuildFile; fileRef = 2F4C327B1E573EB70089CD82 /* FormatTest.swift */; };
		2F5745DD1D8A83C500094D06 /* AppDelegate.swift in Sources */ = {isa = PBXBuildFile; fileRef = 2F5745DC1D8A83C500094D06 /* AppDelegate.swift */; };
		2F5745DF1D8A83C500094D06 /* Assets.xcassets in Resources */ = {isa = PBXBuildFile; fileRef = 2F5745DE1D8A83C500094D06 /* Assets.xcassets */; };
		2F5746031D8A83E600094D06 /* SourceEditorExtension.swift in Sources */ = {isa = PBXBuildFile; fileRef = 2F5746021D8A83E600094D06 /* SourceEditorExtension.swift */; };
		2F5746051D8A83E600094D06 /* SourceEditorCommand.swift in Sources */ = {isa = PBXBuildFile; fileRef = 2F5746041D8A83E600094D06 /* SourceEditorCommand.swift */; };
		2F5746091D8A83E600094D06 /* Extension.appex in Embed App Extensions */ = {isa = PBXBuildFile; fileRef = 2F5745FB1D8A83E600094D06 /* Extension.appex */; settings = {ATTRIBUTES = (RemoveHeadersOnCopy, ); }; };
		2F6D8BF91E0435B5006CFC50 /* Extension.swift in Sources */ = {isa = PBXBuildFile; fileRef = 2F6D8BF51E0435B5006CFC50 /* Extension.swift */; };
		2F6D8BFA1E0435B5006CFC50 /* Extension.swift in Sources */ = {isa = PBXBuildFile; fileRef = 2F6D8BF51E0435B5006CFC50 /* Extension.swift */; };
		2F6D8BFB1E0435B5006CFC50 /* Extension.swift in Sources */ = {isa = PBXBuildFile; fileRef = 2F6D8BF51E0435B5006CFC50 /* Extension.swift */; };
		2F6D8BFC1E0435B5006CFC50 /* Extension.swift in Sources */ = {isa = PBXBuildFile; fileRef = 2F6D8BF51E0435B5006CFC50 /* Extension.swift */; };
		2F6D8BFD1E0435B5006CFC50 /* Indent.swift in Sources */ = {isa = PBXBuildFile; fileRef = 2F6D8BF61E0435B5006CFC50 /* Indent.swift */; };
		2F6D8BFE1E0435B5006CFC50 /* Indent.swift in Sources */ = {isa = PBXBuildFile; fileRef = 2F6D8BF61E0435B5006CFC50 /* Indent.swift */; };
		2F6D8BFF1E0435B5006CFC50 /* Indent.swift in Sources */ = {isa = PBXBuildFile; fileRef = 2F6D8BF61E0435B5006CFC50 /* Indent.swift */; };
		2F6D8C001E0435B5006CFC50 /* Indent.swift in Sources */ = {isa = PBXBuildFile; fileRef = 2F6D8BF61E0435B5006CFC50 /* Indent.swift */; };
		2F6D8C011E0435B5006CFC50 /* Parser.swift in Sources */ = {isa = PBXBuildFile; fileRef = 2F6D8BF71E0435B5006CFC50 /* Parser.swift */; };
		2F6D8C021E0435B5006CFC50 /* Parser.swift in Sources */ = {isa = PBXBuildFile; fileRef = 2F6D8BF71E0435B5006CFC50 /* Parser.swift */; };
		2F6D8C031E0435B5006CFC50 /* Parser.swift in Sources */ = {isa = PBXBuildFile; fileRef = 2F6D8BF71E0435B5006CFC50 /* Parser.swift */; };
		2F6D8C041E0435B5006CFC50 /* Parser.swift in Sources */ = {isa = PBXBuildFile; fileRef = 2F6D8BF71E0435B5006CFC50 /* Parser.swift */; };
		2F6D8C051E0435B5006CFC50 /* SwiftParser.swift in Sources */ = {isa = PBXBuildFile; fileRef = 2F6D8BF81E0435B5006CFC50 /* SwiftParser.swift */; };
		2F6D8C061E0435B5006CFC50 /* SwiftParser.swift in Sources */ = {isa = PBXBuildFile; fileRef = 2F6D8BF81E0435B5006CFC50 /* SwiftParser.swift */; };
		2F6D8C071E0435B5006CFC50 /* SwiftParser.swift in Sources */ = {isa = PBXBuildFile; fileRef = 2F6D8BF81E0435B5006CFC50 /* SwiftParser.swift */; };
		2F6D8C081E0435B5006CFC50 /* SwiftParser.swift in Sources */ = {isa = PBXBuildFile; fileRef = 2F6D8BF81E0435B5006CFC50 /* SwiftParser.swift */; };
		2F6D8C0C1E0435CA006CFC50 /* ErrorHandling.swift in Sources */ = {isa = PBXBuildFile; fileRef = 2F6D8C091E0435CA006CFC50 /* ErrorHandling.swift */; };
		2F6D8C0D1E0435CA006CFC50 /* main.swift in Sources */ = {isa = PBXBuildFile; fileRef = 2F6D8C0A1E0435CA006CFC50 /* main.swift */; };
		2F6D8C0E1E0435CA006CFC50 /* OptionParser.swift in Sources */ = {isa = PBXBuildFile; fileRef = 2F6D8C0B1E0435CA006CFC50 /* OptionParser.swift */; };
		37E5261724BF67B800549508 /* XcodeKit.framework in Frameworks */ = {isa = PBXBuildFile; fileRef = 37E5261624BF67B800549508 /* XcodeKit.framework */; };
		37E5261824BF67B800549508 /* XcodeKit.framework in Embed Frameworks */ = {isa = PBXBuildFile; fileRef = 37E5261624BF67B800549508 /* XcodeKit.framework */; settings = {ATTRIBUTES = (RemoveHeadersOnCopy, ); }; };
		492A76C31E23575200DB9138 /* SwimatViewController.swift in Sources */ = {isa = PBXBuildFile; fileRef = 492A76C21E23575200DB9138 /* SwimatViewController.swift */; };
		492C30C51E2FF1C600B4FADD /* swimat in Embed Command Line Tool */ = {isa = PBXBuildFile; fileRef = 492C68831E0078A200E64B68 /* swimat */; settings = {ATTRIBUTES = (CodeSignOnCopy, ); }; };
		49329DF31E6A0406005C266E /* PreviewViewController.swift in Sources */ = {isa = PBXBuildFile; fileRef = 49329DF21E6A0406005C266E /* PreviewViewController.swift */; };
		494A4CD41E29E8700071EB7C /* Main.storyboard in Resources */ = {isa = PBXBuildFile; fileRef = 494A4CD21E29E8700071EB7C /* Main.storyboard */; };
		495E8A911E650E020045FB39 /* Installation.html in Resources */ = {isa = PBXBuildFile; fileRef = 495E8A901E650E020045FB39 /* Installation.html */; };
		49F37BED1F0D739100E092B1 /* tests in Resources */ = {isa = PBXBuildFile; fileRef = 49F37BEC1F0D739100E092B1 /* tests */; };
		49F37BEF1F0DB06800E092B1 /* TestSetup.swift in Sources */ = {isa = PBXBuildFile; fileRef = 49F37BEE1F0DB06800E092B1 /* TestSetup.swift */; };
		A0A3C66620410E250024EA9F /* FormatError.swift in Sources */ = {isa = PBXBuildFile; fileRef = A0A3C66520410E250024EA9F /* FormatError.swift */; };
		A0A3C667204113EA0024EA9F /* FormatError.swift in Sources */ = {isa = PBXBuildFile; fileRef = A0A3C66520410E250024EA9F /* FormatError.swift */; };
		A0A3C668204113EE0024EA9F /* FormatError.swift in Sources */ = {isa = PBXBuildFile; fileRef = A0A3C66520410E250024EA9F /* FormatError.swift */; };
		A0A3C669204113F40024EA9F /* FormatError.swift in Sources */ = {isa = PBXBuildFile; fileRef = A0A3C66520410E250024EA9F /* FormatError.swift */; };
		A0A3C66B2041473C0024EA9F /* ExtensionString.swift in Sources */ = {isa = PBXBuildFile; fileRef = A0A3C66A2041473C0024EA9F /* ExtensionString.swift */; };
		A0A3C66C2041473C0024EA9F /* ExtensionString.swift in Sources */ = {isa = PBXBuildFile; fileRef = A0A3C66A2041473C0024EA9F /* ExtensionString.swift */; };
		A0A3C66D2041473C0024EA9F /* ExtensionString.swift in Sources */ = {isa = PBXBuildFile; fileRef = A0A3C66A2041473C0024EA9F /* ExtensionString.swift */; };
		A0A3C66E2041473C0024EA9F /* ExtensionString.swift in Sources */ = {isa = PBXBuildFile; fileRef = A0A3C66A2041473C0024EA9F /* ExtensionString.swift */; };
		A0A3C6702041476E0024EA9F /* ExtensionChar.swift in Sources */ = {isa = PBXBuildFile; fileRef = A0A3C66F2041476E0024EA9F /* ExtensionChar.swift */; };
		A0A3C6712041476E0024EA9F /* ExtensionChar.swift in Sources */ = {isa = PBXBuildFile; fileRef = A0A3C66F2041476E0024EA9F /* ExtensionChar.swift */; };
		A0A3C6722041476E0024EA9F /* ExtensionChar.swift in Sources */ = {isa = PBXBuildFile; fileRef = A0A3C66F2041476E0024EA9F /* ExtensionChar.swift */; };
		A0A3C6732041476E0024EA9F /* ExtensionChar.swift in Sources */ = {isa = PBXBuildFile; fileRef = A0A3C66F2041476E0024EA9F /* ExtensionChar.swift */; };
/* End PBXBuildFile section */

/* Begin PBXContainerItemProxy section */
		2F5745E91D8A83C500094D06 /* PBXContainerItemProxy */ = {
			isa = PBXContainerItemProxy;
			containerPortal = 2F5745D11D8A83C500094D06 /* Project object */;
			proxyType = 1;
			remoteGlobalIDString = 2F5745D81D8A83C500094D06;
			remoteInfo = Swimat;
		};
		2F5746071D8A83E600094D06 /* PBXContainerItemProxy */ = {
			isa = PBXContainerItemProxy;
			containerPortal = 2F5745D11D8A83C500094D06 /* Project object */;
			proxyType = 1;
			remoteGlobalIDString = 2F5745FA1D8A83E600094D06;
			remoteInfo = Extension;
		};
		492A76BC1E22E47B00DB9138 /* PBXContainerItemProxy */ = {
			isa = PBXContainerItemProxy;
			containerPortal = 2F5745D11D8A83C500094D06 /* Project object */;
			proxyType = 1;
			remoteGlobalIDString = 492C68821E0078A200E64B68;
			remoteInfo = CLI;
		};
/* End PBXContainerItemProxy section */

/* Begin PBXCopyFilesBuildPhase section */
		2F57460D1D8A83E600094D06 /* Embed App Extensions */ = {
			isa = PBXCopyFilesBuildPhase;
			buildActionMask = 2147483647;
			dstPath = "";
			dstSubfolderSpec = 13;
			files = (
				2F5746091D8A83E600094D06 /* Extension.appex in Embed App Extensions */,
			);
			name = "Embed App Extensions";
			runOnlyForDeploymentPostprocessing = 0;
		};
		37E5261924BF67B800549508 /* Embed Frameworks */ = {
			isa = PBXCopyFilesBuildPhase;
			buildActionMask = 2147483647;
			dstPath = "";
			dstSubfolderSpec = 10;
			files = (
				37E5261824BF67B800549508 /* XcodeKit.framework in Embed Frameworks */,
			);
			name = "Embed Frameworks";
			runOnlyForDeploymentPostprocessing = 0;
		};
		492A76BA1E22E2EB00DB9138 /* Embed Command Line Tool */ = {
			isa = PBXCopyFilesBuildPhase;
			buildActionMask = 12;
			dstPath = "$(CONTENTS_FOLDER_PATH)/Helpers";
			dstSubfolderSpec = 16;
			files = (
				492C30C51E2FF1C600B4FADD /* swimat in Embed Command Line Tool */,
			);
			name = "Embed Command Line Tool";
			runOnlyForDeploymentPostprocessing = 0;
		};
/* End PBXCopyFilesBuildPhase section */

/* Begin PBXFileReference section */
		2F2BDB321DA90DA0009A137B /* ExtensionTest.swift */ = {isa = PBXFileReference; fileEncoding = 4; lastKnownFileType = sourcecode.swift; path = ExtensionTest.swift; sourceTree = "<group>"; };
		2F3595471E44D9AE001E1435 /* Preferences.swift */ = {isa = PBXFileReference; fileEncoding = 4; lastKnownFileType = sourcecode.swift; path = Preferences.swift; sourceTree = "<group>"; };
		2F4C327B1E573EB70089CD82 /* FormatTest.swift */ = {isa = PBXFileReference; fileEncoding = 4; lastKnownFileType = sourcecode.swift; path = FormatTest.swift; sourceTree = "<group>"; };
		2F5745D91D8A83C500094D06 /* Swimat.app */ = {isa = PBXFileReference; explicitFileType = wrapper.application; includeInIndex = 0; path = Swimat.app; sourceTree = BUILT_PRODUCTS_DIR; };
		2F5745DC1D8A83C500094D06 /* AppDelegate.swift */ = {isa = PBXFileReference; lastKnownFileType = sourcecode.swift; path = AppDelegate.swift; sourceTree = "<group>"; };
		2F5745DE1D8A83C500094D06 /* Assets.xcassets */ = {isa = PBXFileReference; lastKnownFileType = folder.assetcatalog; path = Assets.xcassets; sourceTree = "<group>"; };
		2F5745E31D8A83C500094D06 /* Info.plist */ = {isa = PBXFileReference; lastKnownFileType = text.plist.xml; path = Info.plist; sourceTree = "<group>"; };
		2F5745E81D8A83C500094D06 /* SwimatTests.xctest */ = {isa = PBXFileReference; explicitFileType = wrapper.cfbundle; includeInIndex = 0; path = SwimatTests.xctest; sourceTree = BUILT_PRODUCTS_DIR; };
		2F5745EE1D8A83C500094D06 /* Info.plist */ = {isa = PBXFileReference; lastKnownFileType = text.plist.xml; path = Info.plist; sourceTree = "<group>"; };
		2F5745FB1D8A83E600094D06 /* Extension.appex */ = {isa = PBXFileReference; explicitFileType = "wrapper.app-extension"; includeInIndex = 0; path = Extension.appex; sourceTree = BUILT_PRODUCTS_DIR; };
		2F5746011D8A83E600094D06 /* Extension.entitlements */ = {isa = PBXFileReference; lastKnownFileType = text.plist.entitlements; path = Extension.entitlements; sourceTree = "<group>"; };
		2F5746021D8A83E600094D06 /* SourceEditorExtension.swift */ = {isa = PBXFileReference; lastKnownFileType = sourcecode.swift; path = SourceEditorExtension.swift; sourceTree = "<group>"; };
		2F5746041D8A83E600094D06 /* SourceEditorCommand.swift */ = {isa = PBXFileReference; lastKnownFileType = sourcecode.swift; path = SourceEditorCommand.swift; sourceTree = "<group>"; };
		2F5746061D8A83E600094D06 /* Info.plist */ = {isa = PBXFileReference; lastKnownFileType = text.plist.xml; path = Info.plist; sourceTree = "<group>"; };
		2F6D8BF51E0435B5006CFC50 /* Extension.swift */ = {isa = PBXFileReference; fileEncoding = 4; lastKnownFileType = sourcecode.swift; path = Extension.swift; sourceTree = "<group>"; };
		2F6D8BF61E0435B5006CFC50 /* Indent.swift */ = {isa = PBXFileReference; fileEncoding = 4; lastKnownFileType = sourcecode.swift; path = Indent.swift; sourceTree = "<group>"; };
		2F6D8BF71E0435B5006CFC50 /* Parser.swift */ = {isa = PBXFileReference; fileEncoding = 4; lastKnownFileType = sourcecode.swift; path = Parser.swift; sourceTree = "<group>"; };
		2F6D8BF81E0435B5006CFC50 /* SwiftParser.swift */ = {isa = PBXFileReference; fileEncoding = 4; lastKnownFileType = sourcecode.swift; path = SwiftParser.swift; sourceTree = "<group>"; };
		2F6D8C091E0435CA006CFC50 /* ErrorHandling.swift */ = {isa = PBXFileReference; fileEncoding = 4; lastKnownFileType = sourcecode.swift; path = ErrorHandling.swift; sourceTree = "<group>"; };
		2F6D8C0A1E0435CA006CFC50 /* main.swift */ = {isa = PBXFileReference; fileEncoding = 4; lastKnownFileType = sourcecode.swift; path = main.swift; sourceTree = "<group>"; };
		2F6D8C0B1E0435CA006CFC50 /* OptionParser.swift */ = {isa = PBXFileReference; fileEncoding = 4; lastKnownFileType = sourcecode.swift; path = OptionParser.swift; sourceTree = "<group>"; };
		2FAF2E661E457AFB007EB7E5 /* Swimat.entitlements */ = {isa = PBXFileReference; lastKnownFileType = text.plist.entitlements; path = Swimat.entitlements; sourceTree = "<group>"; };
		37E5261624BF67B800549508 /* XcodeKit.framework */ = {isa = PBXFileReference; lastKnownFileType = wrapper.framework; name = XcodeKit.framework; path = Library/Frameworks/XcodeKit.framework; sourceTree = DEVELOPER_DIR; };
		492A76C21E23575200DB9138 /* SwimatViewController.swift */ = {isa = PBXFileReference; fileEncoding = 4; lastKnownFileType = sourcecode.swift; path = SwimatViewController.swift; sourceTree = "<group>"; };
		492C68831E0078A200E64B68 /* swimat */ = {isa = PBXFileReference; explicitFileType = "compiled.mach-o.executable"; includeInIndex = 0; path = swimat; sourceTree = BUILT_PRODUCTS_DIR; };
		49329DF21E6A0406005C266E /* PreviewViewController.swift */ = {isa = PBXFileReference; fileEncoding = 4; lastKnownFileType = sourcecode.swift; path = PreviewViewController.swift; sourceTree = "<group>"; };
		494A4CD31E29E8700071EB7C /* Base */ = {isa = PBXFileReference; lastKnownFileType = file.storyboard; name = Base; path = Base.lproj/Main.storyboard; sourceTree = "<group>"; };
		495E8A901E650E020045FB39 /* Installation.html */ = {isa = PBXFileReference; fileEncoding = 4; lastKnownFileType = text.html; path = Installation.html; sourceTree = "<group>"; };
		49F37BEC1F0D739100E092B1 /* tests */ = {isa = PBXFileReference; lastKnownFileType = folder; path = tests; sourceTree = "<group>"; };
		49F37BEE1F0DB06800E092B1 /* TestSetup.swift */ = {isa = PBXFileReference; lastKnownFileType = sourcecode.swift; path = TestSetup.swift; sourceTree = "<group>"; };
		A04ACCBB2322B23A007D82F7 /* README.md */ = {isa = PBXFileReference; lastKnownFileType = net.daringfireball.markdown; path = README.md; sourceTree = "<group>"; };
		A0A3C66520410E250024EA9F /* FormatError.swift */ = {isa = PBXFileReference; lastKnownFileType = sourcecode.swift; path = FormatError.swift; sourceTree = "<group>"; };
		A0A3C66A2041473C0024EA9F /* ExtensionString.swift */ = {isa = PBXFileReference; lastKnownFileType = sourcecode.swift; path = ExtensionString.swift; sourceTree = "<group>"; };
		A0A3C66F2041476E0024EA9F /* ExtensionChar.swift */ = {isa = PBXFileReference; lastKnownFileType = sourcecode.swift; path = ExtensionChar.swift; sourceTree = "<group>"; };
/* End PBXFileReference section */

/* Begin PBXFrameworksBuildPhase section */
		2F5745D61D8A83C500094D06 /* Frameworks */ = {
			isa = PBXFrameworksBuildPhase;
			buildActionMask = 2147483647;
			files = (
			);
			runOnlyForDeploymentPostprocessing = 0;
		};
		2F5745E51D8A83C500094D06 /* Frameworks */ = {
			isa = PBXFrameworksBuildPhase;
			buildActionMask = 2147483647;
			files = (
			);
			runOnlyForDeploymentPostprocessing = 0;
		};
		2F5745F81D8A83E600094D06 /* Frameworks */ = {
			isa = PBXFrameworksBuildPhase;
			buildActionMask = 2147483647;
			files = (
				37E5261724BF67B800549508 /* XcodeKit.framework in Frameworks */,
			);
			runOnlyForDeploymentPostprocessing = 0;
		};
		492C68801E0078A200E64B68 /* Frameworks */ = {
			isa = PBXFrameworksBuildPhase;
			buildActionMask = 2147483647;
			files = (
			);
			runOnlyForDeploymentPostprocessing = 0;
		};
/* End PBXFrameworksBuildPhase section */

/* Begin PBXGroup section */
		2F5745D01D8A83C500094D06 = {
			isa = PBXGroup;
			children = (
				2F5745DB1D8A83C500094D06 /* Swimat */,
				2F5745FF1D8A83E600094D06 /* Extension */,
				492C68841E0078A200E64B68 /* CLI */,
				492C68901E00793000E64B68 /* Parser */,
				2F5745EB1D8A83C500094D06 /* SwimatTests */,
				2F5745DA1D8A83C500094D06 /* Products */,
				A04ACCBB2322B23A007D82F7 /* README.md */,
				37E5261524BF67B700549508 /* Frameworks */,
			);
			sourceTree = "<group>";
			usesTabs = 0;
		};
		2F5745DA1D8A83C500094D06 /* Products */ = {
			isa = PBXGroup;
			children = (
				2F5745D91D8A83C500094D06 /* Swimat.app */,
				2F5745E81D8A83C500094D06 /* SwimatTests.xctest */,
				2F5745FB1D8A83E600094D06 /* Extension.appex */,
				492C68831E0078A200E64B68 /* swimat */,
			);
			name = Products;
			sourceTree = "<group>";
			usesTabs = 0;
		};
		2F5745DB1D8A83C500094D06 /* Swimat */ = {
			isa = PBXGroup;
			children = (
				495E8A901E650E020045FB39 /* Installation.html */,
				2F5745E31D8A83C500094D06 /* Info.plist */,
				2F5745DC1D8A83C500094D06 /* AppDelegate.swift */,
				49329DF21E6A0406005C266E /* PreviewViewController.swift */,
				492A76C21E23575200DB9138 /* SwimatViewController.swift */,
				2F5745DE1D8A83C500094D06 /* Assets.xcassets */,
				494A4CD21E29E8700071EB7C /* Main.storyboard */,
				2FD9C8D61E45EDC400EF1EDC /* Supporting Files */,
			);
			path = Swimat;
			sourceTree = "<group>";
			usesTabs = 0;
		};
		2F5745EB1D8A83C500094D06 /* SwimatTests */ = {
			isa = PBXGroup;
			children = (
				49F37BEC1F0D739100E092B1 /* tests */,
				2F5745EE1D8A83C500094D06 /* Info.plist */,
				2F2BDB321DA90DA0009A137B /* ExtensionTest.swift */,
				2F4C327B1E573EB70089CD82 /* FormatTest.swift */,
				49F37BEE1F0DB06800E092B1 /* TestSetup.swift */,
			);
			path = SwimatTests;
			sourceTree = "<group>";
			usesTabs = 0;
		};
		2F5745FF1D8A83E600094D06 /* Extension */ = {
			isa = PBXGroup;
			children = (
				2F5746061D8A83E600094D06 /* Info.plist */,
				2F5746041D8A83E600094D06 /* SourceEditorCommand.swift */,
				2F5746021D8A83E600094D06 /* SourceEditorExtension.swift */,
				2F5746001D8A83E600094D06 /* Supporting Files */,
			);
			path = Extension;
			sourceTree = "<group>";
			usesTabs = 0;
		};
		2F5746001D8A83E600094D06 /* Supporting Files */ = {
			isa = PBXGroup;
			children = (
				2F5746011D8A83E600094D06 /* Extension.entitlements */,
			);
			path = "Supporting Files";
			sourceTree = "<group>";
		};
		2FD9C8D61E45EDC400EF1EDC /* Supporting Files */ = {
			isa = PBXGroup;
			children = (
				2FAF2E661E457AFB007EB7E5 /* Swimat.entitlements */,
			);
			path = "Supporting Files";
			sourceTree = "<group>";
		};
		37E5261524BF67B700549508 /* Frameworks */ = {
			isa = PBXGroup;
			children = (
				37E5261624BF67B800549508 /* XcodeKit.framework */,
			);
			name = Frameworks;
			sourceTree = "<group>";
		};
		492C68841E0078A200E64B68 /* CLI */ = {
			isa = PBXGroup;
			children = (
				2F6D8C091E0435CA006CFC50 /* ErrorHandling.swift */,
				2F6D8C0A1E0435CA006CFC50 /* main.swift */,
				2F6D8C0B1E0435CA006CFC50 /* OptionParser.swift */,
			);
			path = CLI;
			sourceTree = "<group>";
			usesTabs = 0;
		};
		492C68901E00793000E64B68 /* Parser */ = {
			isa = PBXGroup;
			children = (
				A0A3C674204148420024EA9F /* Extension */,
				2F6D8BF61E0435B5006CFC50 /* Indent.swift */,
				2F6D8BF71E0435B5006CFC50 /* Parser.swift */,
				2F3595471E44D9AE001E1435 /* Preferences.swift */,
				2F6D8BF81E0435B5006CFC50 /* SwiftParser.swift */,
				A0A3C66520410E250024EA9F /* FormatError.swift */,
			);
			path = Parser;
			sourceTree = "<group>";
		};
		A0A3C674204148420024EA9F /* Extension */ = {
			isa = PBXGroup;
			children = (
				2F6D8BF51E0435B5006CFC50 /* Extension.swift */,
				A0A3C66A2041473C0024EA9F /* ExtensionString.swift */,
				A0A3C66F2041476E0024EA9F /* ExtensionChar.swift */,
			);
			path = Extension;
			sourceTree = "<group>";
		};
/* End PBXGroup section */

/* Begin PBXNativeTarget section */
		2F5745D81D8A83C500094D06 /* Swimat */ = {
			isa = PBXNativeTarget;
			buildConfigurationList = 2F5745F11D8A83C500094D06 /* Build configuration list for PBXNativeTarget "Swimat" */;
			buildPhases = (
				2F5745D51D8A83C500094D06 /* Sources */,
				2F5745D61D8A83C500094D06 /* Frameworks */,
				2F5745D71D8A83C500094D06 /* Resources */,
				2F57460D1D8A83E600094D06 /* Embed App Extensions */,
				492A76BA1E22E2EB00DB9138 /* Embed Command Line Tool */,
			);
			buildRules = (
			);
			dependencies = (
				2F5746081D8A83E600094D06 /* PBXTargetDependency */,
				492A76BD1E22E47B00DB9138 /* PBXTargetDependency */,
			);
			name = Swimat;
			productName = Swimat;
			productReference = 2F5745D91D8A83C500094D06 /* Swimat.app */;
			productType = "com.apple.product-type.application";
		};
		2F5745E71D8A83C500094D06 /* SwimatTests */ = {
			isa = PBXNativeTarget;
			buildConfigurationList = 2F5745F41D8A83C500094D06 /* Build configuration list for PBXNativeTarget "SwimatTests" */;
			buildPhases = (
				2F5745E41D8A83C500094D06 /* Sources */,
				2F5745E51D8A83C500094D06 /* Frameworks */,
				2F5745E61D8A83C500094D06 /* Resources */,
			);
			buildRules = (
			);
			dependencies = (
				2F5745EA1D8A83C500094D06 /* PBXTargetDependency */,
			);
			name = SwimatTests;
			productName = SwimatTests;
			productReference = 2F5745E81D8A83C500094D06 /* SwimatTests.xctest */;
			productType = "com.apple.product-type.bundle.unit-test";
		};
		2F5745FA1D8A83E600094D06 /* Extension */ = {
			isa = PBXNativeTarget;
			buildConfigurationList = 2F57460A1D8A83E600094D06 /* Build configuration list for PBXNativeTarget "Extension" */;
			buildPhases = (
				2F5745F71D8A83E600094D06 /* Sources */,
				2F5745F81D8A83E600094D06 /* Frameworks */,
				2F5745F91D8A83E600094D06 /* Resources */,
				37E5261924BF67B800549508 /* Embed Frameworks */,
			);
			buildRules = (
			);
			dependencies = (
			);
			name = Extension;
			productName = Extension;
			productReference = 2F5745FB1D8A83E600094D06 /* Extension.appex */;
			productType = "com.apple.product-type.xcode-extension";
		};
		492C68821E0078A200E64B68 /* CLI */ = {
			isa = PBXNativeTarget;
			buildConfigurationList = 492C68891E0078A200E64B68 /* Build configuration list for PBXNativeTarget "CLI" */;
			buildPhases = (
				492C687F1E0078A200E64B68 /* Sources */,
				492C68801E0078A200E64B68 /* Frameworks */,
			);
			buildRules = (
			);
			dependencies = (
			);
			name = CLI;
			productName = CommandLineTool;
			productReference = 492C68831E0078A200E64B68 /* swimat */;
			productType = "com.apple.product-type.tool";
		};
/* End PBXNativeTarget section */

/* Begin PBXProject section */
		2F5745D11D8A83C500094D06 /* Project object */ = {
			isa = PBXProject;
			attributes = {
				LastSwiftUpdateCheck = 0820;
				LastUpgradeCheck = 1130;
				ORGANIZATIONNAME = jintin;
				TargetAttributes = {
					2F5745D81D8A83C500094D06 = {
						CreatedOnToolsVersion = 8.0;
						DevelopmentTeam = 2HR4N2E675;
						LastSwiftMigration = 1130;
						ProvisioningStyle = Automatic;
						SystemCapabilities = {
							com.apple.ApplicationGroups.Mac = {
								enabled = 1;
							};
						};
					};
					2F5745E71D8A83C500094D06 = {
						CreatedOnToolsVersion = 8.0;
						DevelopmentTeam = 2HR4N2E675;
						LastSwiftMigration = 0900;
						ProvisioningStyle = Automatic;
						TestTargetID = 2F5745D81D8A83C500094D06;
					};
					2F5745FA1D8A83E600094D06 = {
						CreatedOnToolsVersion = 8.0;
						DevelopmentTeam = 2HR4N2E675;
						LastSwiftMigration = 1130;
						ProvisioningStyle = Automatic;
						SystemCapabilities = {
							com.apple.ApplicationGroups.Mac = {
								enabled = 1;
							};
						};
					};
					492C68821E0078A200E64B68 = {
						CreatedOnToolsVersion = 8.2;
						DevelopmentTeam = 2HR4N2E675;
						LastSwiftMigration = 1130;
						ProvisioningStyle = Automatic;
					};
				};
			};
			buildConfigurationList = 2F5745D41D8A83C500094D06 /* Build configuration list for PBXProject "Swimat" */;
			compatibilityVersion = "Xcode 3.2";
			developmentRegion = en;
			hasScannedForEncodings = 0;
			knownRegions = (
				en,
				Base,
			);
			mainGroup = 2F5745D01D8A83C500094D06;
			productRefGroup = 2F5745DA1D8A83C500094D06 /* Products */;
			projectDirPath = "";
			projectRoot = "";
			targets = (
				2F5745D81D8A83C500094D06 /* Swimat */,
				2F5745E71D8A83C500094D06 /* SwimatTests */,
				2F5745FA1D8A83E600094D06 /* Extension */,
				492C68821E0078A200E64B68 /* CLI */,
			);
		};
/* End PBXProject section */

/* Begin PBXResourcesBuildPhase section */
		2F5745D71D8A83C500094D06 /* Resources */ = {
			isa = PBXResourcesBuildPhase;
			buildActionMask = 2147483647;
			files = (
				494A4CD41E29E8700071EB7C /* Main.storyboard in Resources */,
				2F5745DF1D8A83C500094D06 /* Assets.xcassets in Resources */,
				495E8A911E650E020045FB39 /* Installation.html in Resources */,
			);
			runOnlyForDeploymentPostprocessing = 0;
		};
		2F5745E61D8A83C500094D06 /* Resources */ = {
			isa = PBXResourcesBuildPhase;
			buildActionMask = 2147483647;
			files = (
				49F37BED1F0D739100E092B1 /* tests in Resources */,
			);
			runOnlyForDeploymentPostprocessing = 0;
		};
		2F5745F91D8A83E600094D06 /* Resources */ = {
			isa = PBXResourcesBuildPhase;
			buildActionMask = 2147483647;
			files = (
			);
			runOnlyForDeploymentPostprocessing = 0;
		};
/* End PBXResourcesBuildPhase section */

/* Begin PBXSourcesBuildPhase section */
		2F5745D51D8A83C500094D06 /* Sources */ = {
			isa = PBXSourcesBuildPhase;
			buildActionMask = 2147483647;
			files = (
				A0A3C66B2041473C0024EA9F /* ExtensionString.swift in Sources */,
				A0A3C66620410E250024EA9F /* FormatError.swift in Sources */,
				2F6D8C051E0435B5006CFC50 /* SwiftParser.swift in Sources */,
				492A76C31E23575200DB9138 /* SwimatViewController.swift in Sources */,
				A0A3C6702041476E0024EA9F /* ExtensionChar.swift in Sources */,
				2F6D8C011E0435B5006CFC50 /* Parser.swift in Sources */,
				2F6D8BFD1E0435B5006CFC50 /* Indent.swift in Sources */,
				2F5745DD1D8A83C500094D06 /* AppDelegate.swift in Sources */,
				2F6D8BF91E0435B5006CFC50 /* Extension.swift in Sources */,
				2F3595481E44D9AE001E1435 /* Preferences.swift in Sources */,
				49329DF31E6A0406005C266E /* PreviewViewController.swift in Sources */,
			);
			runOnlyForDeploymentPostprocessing = 0;
		};
		2F5745E41D8A83C500094D06 /* Sources */ = {
			isa = PBXSourcesBuildPhase;
			buildActionMask = 2147483647;
			files = (
				A0A3C66C2041473C0024EA9F /* ExtensionString.swift in Sources */,
				A0A3C668204113EE0024EA9F /* FormatError.swift in Sources */,
				2F4C327C1E573EB70089CD82 /* FormatTest.swift in Sources */,
				2F3595491E44D9AE001E1435 /* Preferences.swift in Sources */,
				A0A3C6712041476E0024EA9F /* ExtensionChar.swift in Sources */,
				2F6D8C061E0435B5006CFC50 /* SwiftParser.swift in Sources */,
				49F37BEF1F0DB06800E092B1 /* TestSetup.swift in Sources */,
				2F6D8C021E0435B5006CFC50 /* Parser.swift in Sources */,
				2F6D8BFE1E0435B5006CFC50 /* Indent.swift in Sources */,
				2F2BDB331DA90DA0009A137B /* ExtensionTest.swift in Sources */,
				2F6D8BFA1E0435B5006CFC50 /* Extension.swift in Sources */,
			);
			runOnlyForDeploymentPostprocessing = 0;
		};
		2F5745F71D8A83E600094D06 /* Sources */ = {
			isa = PBXSourcesBuildPhase;
			buildActionMask = 2147483647;
			files = (
				2F6D8C071E0435B5006CFC50 /* SwiftParser.swift in Sources */,
				2F6D8BFB1E0435B5006CFC50 /* Extension.swift in Sources */,
				2F6D8BFF1E0435B5006CFC50 /* Indent.swift in Sources */,
				2F6D8C031E0435B5006CFC50 /* Parser.swift in Sources */,
				2F5746031D8A83E600094D06 /* SourceEditorExtension.swift in Sources */,
				A0A3C6722041476E0024EA9F /* ExtensionChar.swift in Sources */,
				A0A3C66D2041473C0024EA9F /* ExtensionString.swift in Sources */,
				2F5746051D8A83E600094D06 /* SourceEditorCommand.swift in Sources */,
				2F35954A1E44D9AE001E1435 /* Preferences.swift in Sources */,
				A0A3C669204113F40024EA9F /* FormatError.swift in Sources */,
			);
			runOnlyForDeploymentPostprocessing = 0;
		};
		492C687F1E0078A200E64B68 /* Sources */ = {
			isa = PBXSourcesBuildPhase;
			buildActionMask = 2147483647;
			files = (
				A0A3C66E2041473C0024EA9F /* ExtensionString.swift in Sources */,
				A0A3C667204113EA0024EA9F /* FormatError.swift in Sources */,
				2F6D8C0E1E0435CA006CFC50 /* OptionParser.swift in Sources */,
				2F6D8C0D1E0435CA006CFC50 /* main.swift in Sources */,
				A0A3C6732041476E0024EA9F /* ExtensionChar.swift in Sources */,
				2F35954B1E44D9AE001E1435 /* Preferences.swift in Sources */,
				2F6D8C041E0435B5006CFC50 /* Parser.swift in Sources */,
				2F6D8C081E0435B5006CFC50 /* SwiftParser.swift in Sources */,
				2F6D8C0C1E0435CA006CFC50 /* ErrorHandling.swift in Sources */,
				2F6D8C001E0435B5006CFC50 /* Indent.swift in Sources */,
				2F6D8BFC1E0435B5006CFC50 /* Extension.swift in Sources */,
			);
			runOnlyForDeploymentPostprocessing = 0;
		};
/* End PBXSourcesBuildPhase section */

/* Begin PBXTargetDependency section */
		2F5745EA1D8A83C500094D06 /* PBXTargetDependency */ = {
			isa = PBXTargetDependency;
			target = 2F5745D81D8A83C500094D06 /* Swimat */;
			targetProxy = 2F5745E91D8A83C500094D06 /* PBXContainerItemProxy */;
		};
		2F5746081D8A83E600094D06 /* PBXTargetDependency */ = {
			isa = PBXTargetDependency;
			target = 2F5745FA1D8A83E600094D06 /* Extension */;
			targetProxy = 2F5746071D8A83E600094D06 /* PBXContainerItemProxy */;
		};
		492A76BD1E22E47B00DB9138 /* PBXTargetDependency */ = {
			isa = PBXTargetDependency;
			target = 492C68821E0078A200E64B68 /* CLI */;
			targetProxy = 492A76BC1E22E47B00DB9138 /* PBXContainerItemProxy */;
		};
/* End PBXTargetDependency section */

/* Begin PBXVariantGroup section */
		494A4CD21E29E8700071EB7C /* Main.storyboard */ = {
			isa = PBXVariantGroup;
			children = (
				494A4CD31E29E8700071EB7C /* Base */,
			);
			name = Main.storyboard;
			path = .;
			sourceTree = "<group>";
		};
/* End PBXVariantGroup section */

/* Begin XCBuildConfiguration section */
		2F5745EF1D8A83C500094D06 /* Debug */ = {
			isa = XCBuildConfiguration;
			buildSettings = {
				ALWAYS_SEARCH_USER_PATHS = NO;
				CLANG_ANALYZER_LOCALIZABILITY_NONLOCALIZED = YES;
				CLANG_ANALYZER_NONNULL = YES;
				CLANG_CXX_LANGUAGE_STANDARD = "gnu++0x";
				CLANG_CXX_LIBRARY = "libc++";
				CLANG_ENABLE_MODULES = YES;
				CLANG_ENABLE_OBJC_ARC = YES;
				CLANG_WARN_BLOCK_CAPTURE_AUTORELEASING = YES;
				CLANG_WARN_BOOL_CONVERSION = YES;
				CLANG_WARN_COMMA = YES;
				CLANG_WARN_CONSTANT_CONVERSION = YES;
				CLANG_WARN_DEPRECATED_OBJC_IMPLEMENTATIONS = YES;
				CLANG_WARN_DIRECT_OBJC_ISA_USAGE = YES_ERROR;
				CLANG_WARN_DOCUMENTATION_COMMENTS = YES;
				CLANG_WARN_EMPTY_BODY = YES;
				CLANG_WARN_ENUM_CONVERSION = YES;
				CLANG_WARN_INFINITE_RECURSION = YES;
				CLANG_WARN_INT_CONVERSION = YES;
				CLANG_WARN_NON_LITERAL_NULL_CONVERSION = YES;
				CLANG_WARN_OBJC_IMPLICIT_RETAIN_SELF = YES;
				CLANG_WARN_OBJC_LITERAL_CONVERSION = YES;
				CLANG_WARN_OBJC_ROOT_CLASS = YES_ERROR;
				CLANG_WARN_RANGE_LOOP_ANALYSIS = YES;
				CLANG_WARN_STRICT_PROTOTYPES = YES;
				CLANG_WARN_SUSPICIOUS_MOVE = YES;
				CLANG_WARN_SUSPICIOUS_MOVES = YES;
				CLANG_WARN_UNREACHABLE_CODE = YES;
				CLANG_WARN__DUPLICATE_METHOD_MATCH = YES;
				CODE_SIGN_IDENTITY = "-";
				COPY_PHASE_STRIP = NO;
				DEBUG_INFORMATION_FORMAT = dwarf;
				ENABLE_STRICT_OBJC_MSGSEND = YES;
				ENABLE_TESTABILITY = YES;
				GCC_C_LANGUAGE_STANDARD = gnu99;
				GCC_DYNAMIC_NO_PIC = NO;
				GCC_NO_COMMON_BLOCKS = YES;
				GCC_OPTIMIZATION_LEVEL = 0;
				GCC_PREPROCESSOR_DEFINITIONS = (
					"DEBUG=1",
					"$(inherited)",
				);
				GCC_WARN_64_TO_32_BIT_CONVERSION = YES;
				GCC_WARN_ABOUT_RETURN_TYPE = YES_ERROR;
				GCC_WARN_UNDECLARED_SELECTOR = YES;
				GCC_WARN_UNINITIALIZED_AUTOS = YES_AGGRESSIVE;
				GCC_WARN_UNUSED_FUNCTION = YES;
				GCC_WARN_UNUSED_VARIABLE = YES;
				MACOSX_DEPLOYMENT_TARGET = 10.11;
				MTL_ENABLE_DEBUG_INFO = YES;
				ONLY_ACTIVE_ARCH = YES;
				SDKROOT = macosx;
				SWIFT_ACTIVE_COMPILATION_CONDITIONS = DEBUG;
				SWIFT_OPTIMIZATION_LEVEL = "-Onone";
				SWIFT_VERSION = 5.0;
			};
			name = Debug;
		};
		2F5745F01D8A83C500094D06 /* Release */ = {
			isa = XCBuildConfiguration;
			buildSettings = {
				ALWAYS_SEARCH_USER_PATHS = NO;
				CLANG_ANALYZER_LOCALIZABILITY_NONLOCALIZED = YES;
				CLANG_ANALYZER_NONNULL = YES;
				CLANG_CXX_LANGUAGE_STANDARD = "gnu++0x";
				CLANG_CXX_LIBRARY = "libc++";
				CLANG_ENABLE_MODULES = YES;
				CLANG_ENABLE_OBJC_ARC = YES;
				CLANG_WARN_BLOCK_CAPTURE_AUTORELEASING = YES;
				CLANG_WARN_BOOL_CONVERSION = YES;
				CLANG_WARN_COMMA = YES;
				CLANG_WARN_CONSTANT_CONVERSION = YES;
				CLANG_WARN_DEPRECATED_OBJC_IMPLEMENTATIONS = YES;
				CLANG_WARN_DIRECT_OBJC_ISA_USAGE = YES_ERROR;
				CLANG_WARN_DOCUMENTATION_COMMENTS = YES;
				CLANG_WARN_EMPTY_BODY = YES;
				CLANG_WARN_ENUM_CONVERSION = YES;
				CLANG_WARN_INFINITE_RECURSION = YES;
				CLANG_WARN_INT_CONVERSION = YES;
				CLANG_WARN_NON_LITERAL_NULL_CONVERSION = YES;
				CLANG_WARN_OBJC_IMPLICIT_RETAIN_SELF = YES;
				CLANG_WARN_OBJC_LITERAL_CONVERSION = YES;
				CLANG_WARN_OBJC_ROOT_CLASS = YES_ERROR;
				CLANG_WARN_RANGE_LOOP_ANALYSIS = YES;
				CLANG_WARN_STRICT_PROTOTYPES = YES;
				CLANG_WARN_SUSPICIOUS_MOVE = YES;
				CLANG_WARN_SUSPICIOUS_MOVES = YES;
				CLANG_WARN_UNREACHABLE_CODE = YES;
				CLANG_WARN__DUPLICATE_METHOD_MATCH = YES;
				CODE_SIGN_IDENTITY = "-";
				COPY_PHASE_STRIP = NO;
				DEBUG_INFORMATION_FORMAT = "dwarf-with-dsym";
				ENABLE_NS_ASSERTIONS = NO;
				ENABLE_STRICT_OBJC_MSGSEND = YES;
				GCC_C_LANGUAGE_STANDARD = gnu99;
				GCC_NO_COMMON_BLOCKS = YES;
				GCC_WARN_64_TO_32_BIT_CONVERSION = YES;
				GCC_WARN_ABOUT_RETURN_TYPE = YES_ERROR;
				GCC_WARN_UNDECLARED_SELECTOR = YES;
				GCC_WARN_UNINITIALIZED_AUTOS = YES_AGGRESSIVE;
				GCC_WARN_UNUSED_FUNCTION = YES;
				GCC_WARN_UNUSED_VARIABLE = YES;
				MACOSX_DEPLOYMENT_TARGET = 10.11;
				MTL_ENABLE_DEBUG_INFO = NO;
				SDKROOT = macosx;
				SWIFT_OPTIMIZATION_LEVEL = "-Owholemodule";
				SWIFT_VERSION = 5.0;
			};
			name = Release;
		};
		2F5745F21D8A83C500094D06 /* Debug */ = {
			isa = XCBuildConfiguration;
			buildSettings = {
				ALWAYS_EMBED_SWIFT_STANDARD_LIBRARIES = YES;
				ASSETCATALOG_COMPILER_APPICON_NAME = AppIcon;
				CODE_SIGN_ENTITLEMENTS = "Swimat/Supporting Files/Swimat.entitlements";
				CODE_SIGN_IDENTITY = "Mac Developer";
				COMBINE_HIDPI_IMAGES = YES;
				DEVELOPMENT_TEAM = 2HR4N2E675;
				ENABLE_HARDENED_RUNTIME = YES;
				INFOPLIST_FILE = Swimat/Info.plist;
				LD_RUNPATH_SEARCH_PATHS = "$(inherited) @executable_path/../Frameworks";
				PRODUCT_BUNDLE_IDENTIFIER = com.jintin.Swimat;
				PRODUCT_NAME = "$(TARGET_NAME)";
				SWIFT_VERSION = 5.0;
			};
			name = Debug;
		};
		2F5745F31D8A83C500094D06 /* Release */ = {
			isa = XCBuildConfiguration;
			buildSettings = {
				ALWAYS_EMBED_SWIFT_STANDARD_LIBRARIES = YES;
				ASSETCATALOG_COMPILER_APPICON_NAME = AppIcon;
				CODE_SIGN_ENTITLEMENTS = "Swimat/Supporting Files/Swimat.entitlements";
				CODE_SIGN_IDENTITY = "Mac Developer";
				COMBINE_HIDPI_IMAGES = YES;
				DEVELOPMENT_TEAM = 2HR4N2E675;
				ENABLE_HARDENED_RUNTIME = YES;
				INFOPLIST_FILE = Swimat/Info.plist;
				LD_RUNPATH_SEARCH_PATHS = "$(inherited) @executable_path/../Frameworks";
				PRODUCT_BUNDLE_IDENTIFIER = com.jintin.Swimat;
				PRODUCT_NAME = "$(TARGET_NAME)";
				SWIFT_VERSION = 5.0;
			};
			name = Release;
		};
		2F5745F51D8A83C500094D06 /* Debug */ = {
			isa = XCBuildConfiguration;
			buildSettings = {
				ALWAYS_EMBED_SWIFT_STANDARD_LIBRARIES = YES;
				BUNDLE_LOADER = "$(TEST_HOST)";
				CODE_SIGN_IDENTITY = "Mac Developer";
				COMBINE_HIDPI_IMAGES = YES;
				DEVELOPMENT_TEAM = 2HR4N2E675;
				INFOPLIST_FILE = SwimatTests/Info.plist;
				LD_RUNPATH_SEARCH_PATHS = "$(inherited) @executable_path/../Frameworks @loader_path/../Frameworks";
				PRODUCT_BUNDLE_IDENTIFIER = com.jintin.SwimatTests;
				PRODUCT_NAME = "$(TARGET_NAME)";
				SWIFT_VERSION = 5.0;
				TEST_HOST = "$(BUILT_PRODUCTS_DIR)/Swimat.app/Contents/MacOS/Swimat";
			};
			name = Debug;
		};
		2F5745F61D8A83C500094D06 /* Release */ = {
			isa = XCBuildConfiguration;
			buildSettings = {
				ALWAYS_EMBED_SWIFT_STANDARD_LIBRARIES = YES;
				BUNDLE_LOADER = "$(TEST_HOST)";
				CODE_SIGN_IDENTITY = "Mac Developer";
				COMBINE_HIDPI_IMAGES = YES;
				DEVELOPMENT_TEAM = 2HR4N2E675;
				INFOPLIST_FILE = SwimatTests/Info.plist;
				LD_RUNPATH_SEARCH_PATHS = "$(inherited) @executable_path/../Frameworks @loader_path/../Frameworks";
				PRODUCT_BUNDLE_IDENTIFIER = com.jintin.SwimatTests;
				PRODUCT_NAME = "$(TARGET_NAME)";
				SWIFT_VERSION = 5.0;
				TEST_HOST = "$(BUILT_PRODUCTS_DIR)/Swimat.app/Contents/MacOS/Swimat";
			};
			name = Release;
		};
		2F57460B1D8A83E600094D06 /* Debug */ = {
			isa = XCBuildConfiguration;
			buildSettings = {
				CODE_SIGN_ENTITLEMENTS = "Extension/Supporting Files/Extension.entitlements";
				CODE_SIGN_IDENTITY = "Mac Developer";
				COMBINE_HIDPI_IMAGES = YES;
				DEVELOPMENT_TEAM = 2HR4N2E675;
				ENABLE_HARDENED_RUNTIME = YES;
				INFOPLIST_FILE = Extension/Info.plist;
				LD_RUNPATH_SEARCH_PATHS = "$(inherited) @executable_path/../Frameworks @executable_path/../../../../Frameworks";
				MACOSX_DEPLOYMENT_TARGET = 10.11;
				PRODUCT_BUNDLE_IDENTIFIER = com.jintin.Swimat.Extension;
				PRODUCT_NAME = "$(TARGET_NAME)";
				SKIP_INSTALL = YES;
				SWIFT_VERSION = 5.0;
			};
			name = Debug;
		};
		2F57460C1D8A83E600094D06 /* Release */ = {
			isa = XCBuildConfiguration;
			buildSettings = {
				CODE_SIGN_ENTITLEMENTS = "Extension/Supporting Files/Extension.entitlements";
				CODE_SIGN_IDENTITY = "Mac Developer";
				COMBINE_HIDPI_IMAGES = YES;
				DEVELOPMENT_TEAM = 2HR4N2E675;
				ENABLE_HARDENED_RUNTIME = YES;
				INFOPLIST_FILE = Extension/Info.plist;
				LD_RUNPATH_SEARCH_PATHS = "$(inherited) @executable_path/../Frameworks @executable_path/../../../../Frameworks";
				MACOSX_DEPLOYMENT_TARGET = 10.11;
				PRODUCT_BUNDLE_IDENTIFIER = com.jintin.Swimat.Extension;
				PRODUCT_NAME = "$(TARGET_NAME)";
				SKIP_INSTALL = YES;
				SWIFT_VERSION = 5.0;
			};
			name = Release;
		};
		492C68871E0078A200E64B68 /* Debug */ = {
			isa = XCBuildConfiguration;
			buildSettings = {
				CLANG_ENABLE_MODULES = YES;
				CODE_SIGN_IDENTITY = "Mac Developer";
				DEVELOPMENT_TEAM = 2HR4N2E675;
				ENABLE_HARDENED_RUNTIME = YES;
				LD_RUNPATH_SEARCH_PATHS = "$(inherited) @executable_path/../Frameworks @loader_path/../Frameworks";
				MACOSX_DEPLOYMENT_TARGET = 10.12;
				PRODUCT_NAME = swimat;
				SKIP_INSTALL = YES;
				SWIFT_OPTIMIZATION_LEVEL = "-Onone";
				SWIFT_VERSION = 5.0;
			};
			name = Debug;
		};
		492C68881E0078A200E64B68 /* Release */ = {
			isa = XCBuildConfiguration;
			buildSettings = {
				CLANG_ENABLE_MODULES = YES;
				CODE_SIGN_IDENTITY = "Mac Developer";
				DEVELOPMENT_TEAM = 2HR4N2E675;
				ENABLE_HARDENED_RUNTIME = YES;
				LD_RUNPATH_SEARCH_PATHS = "$(inherited) @executable_path/../Frameworks @loader_path/../Frameworks";
				MACOSX_DEPLOYMENT_TARGET = 10.12;
				PRODUCT_NAME = swimat;
				SKIP_INSTALL = YES;
				SWIFT_VERSION = 5.0;
			};
			name = Release;
		};
/* End XCBuildConfiguration section */

/* Begin XCConfigurationList section */
		2F5745D41D8A83C500094D06 /* Build configuration list for PBXProject "Swimat" */ = {
			isa = XCConfigurationList;
			buildConfigurations = (
				2F5745EF1D8A83C500094D06 /* Debug */,
				2F5745F01D8A83C500094D06 /* Release */,
			);
			defaultConfigurationIsVisible = 0;
			defaultConfigurationName = Release;
		};
		2F5745F11D8A83C500094D06 /* Build configuration list for PBXNativeTarget "Swimat" */ = {
			isa = XCConfigurationList;
			buildConfigurations = (
				2F5745F21D8A83C500094D06 /* Debug */,
				2F5745F31D8A83C500094D06 /* Release */,
			);
			defaultConfigurationIsVisible = 0;
			defaultConfigurationName = Release;
		};
		2F5745F41D8A83C500094D06 /* Build configuration list for PBXNativeTarget "SwimatTests" */ = {
			isa = XCConfigurationList;
			buildConfigurations = (
				2F5745F51D8A83C500094D06 /* Debug */,
				2F5745F61D8A83C500094D06 /* Release */,
			);
			defaultConfigurationIsVisible = 0;
			defaultConfigurationName = Release;
		};
		2F57460A1D8A83E600094D06 /* Build configuration list for PBXNativeTarget "Extension" */ = {
			isa = XCConfigurationList;
			buildConfigurations = (
				2F57460B1D8A83E600094D06 /* Debug */,
				2F57460C1D8A83E600094D06 /* Release */,
			);
			defaultConfigurationIsVisible = 0;
			defaultConfigurationName = Release;
		};
		492C68891E0078A200E64B68 /* Build configuration list for PBXNativeTarget "CLI" */ = {
			isa = XCConfigurationList;
			buildConfigurations = (
				492C68871E0078A200E64B68 /* Debug */,
				492C68881E0078A200E64B68 /* Release */,
			);
			defaultConfigurationIsVisible = 0;
			defaultConfigurationName = Release;
		};
/* End XCConfigurationList section */
	};
	rootObject = 2F5745D11D8A83C500094D06 /* Project object */;
}
