// !$*UTF8*$!
{
	archiveVersion = 1;
	classes = {
	};
	objectVersion = 46;
	objects = {

/* Begin PBXBuildFile section */
		2F151A241D8B9A3F00513FEE /* SwiftParser.swift in Sources */ = {isa = PBXBuildFile; fileRef = 2F151A231D8B9A3F00513FEE /* SwiftParser.swift */; };
		2F151A261D8B9A6500513FEE /* Parser.swift in Sources */ = {isa = PBXBuildFile; fileRef = 2F151A251D8B9A6500513FEE /* Parser.swift */; };
		2F151A281D8B9B9100513FEE /* Extension.swift in Sources */ = {isa = PBXBuildFile; fileRef = 2F151A271D8B9B9100513FEE /* Extension.swift */; };
		2F1A96741DD6AF3700CEB5C7 /* Indent.swift in Sources */ = {isa = PBXBuildFile; fileRef = 2F1A96731DD6AF3700CEB5C7 /* Indent.swift */; };
		2F1A96751DD6AF3700CEB5C7 /* Indent.swift in Sources */ = {isa = PBXBuildFile; fileRef = 2F1A96731DD6AF3700CEB5C7 /* Indent.swift */; };
		2F2BDB331DA90DA0009A137B /* ExtensionTest.swift in Sources */ = {isa = PBXBuildFile; fileRef = 2F2BDB321DA90DA0009A137B /* ExtensionTest.swift */; };
		2F2BDB341DA90DEE009A137B /* Extension.swift in Sources */ = {isa = PBXBuildFile; fileRef = 2F151A271D8B9B9100513FEE /* Extension.swift */; };
		2F2BDB351DA90E6C009A137B /* SwiftParser.swift in Sources */ = {isa = PBXBuildFile; fileRef = 2F151A231D8B9A3F00513FEE /* SwiftParser.swift */; };
		2F2BDB361DA90E6F009A137B /* Parser.swift in Sources */ = {isa = PBXBuildFile; fileRef = 2F151A251D8B9A6500513FEE /* Parser.swift */; };
		2F5745DD1D8A83C500094D06 /* AppDelegate.swift in Sources */ = {isa = PBXBuildFile; fileRef = 2F5745DC1D8A83C500094D06 /* AppDelegate.swift */; };
		2F5745DF1D8A83C500094D06 /* Assets.xcassets in Resources */ = {isa = PBXBuildFile; fileRef = 2F5745DE1D8A83C500094D06 /* Assets.xcassets */; };
		2F5745E21D8A83C500094D06 /* MainMenu.xib in Resources */ = {isa = PBXBuildFile; fileRef = 2F5745E01D8A83C500094D06 /* MainMenu.xib */; };
		2F5745ED1D8A83C500094D06 /* SwimatTests.swift in Sources */ = {isa = PBXBuildFile; fileRef = 2F5745EC1D8A83C500094D06 /* SwimatTests.swift */; };
		2F5745FE1D8A83E600094D06 /* Cocoa.framework in Frameworks */ = {isa = PBXBuildFile; fileRef = 2F5745FD1D8A83E600094D06 /* Cocoa.framework */; };
		2F5746031D8A83E600094D06 /* SourceEditorExtension.swift in Sources */ = {isa = PBXBuildFile; fileRef = 2F5746021D8A83E600094D06 /* SourceEditorExtension.swift */; };
		2F5746051D8A83E600094D06 /* SourceEditorCommand.swift in Sources */ = {isa = PBXBuildFile; fileRef = 2F5746041D8A83E600094D06 /* SourceEditorCommand.swift */; };
		2F5746091D8A83E600094D06 /* Extension.appex in Embed App Extensions */ = {isa = PBXBuildFile; fileRef = 2F5745FB1D8A83E600094D06 /* Extension.appex */; settings = {ATTRIBUTES = (RemoveHeadersOnCopy, ); }; };
		4910940E1DF4B19D00D271A5 /* OptionParser.swift in Sources */ = {isa = PBXBuildFile; fileRef = 4910940D1DF4B19D00D271A5 /* OptionParser.swift */; };
		491094101DF4B1DF00D271A5 /* ErrorHandling.swift in Sources */ = {isa = PBXBuildFile; fileRef = 4910940F1DF4B1DF00D271A5 /* ErrorHandling.swift */; };
		491094121DF4B9C800D271A5 /* Indent.swift in Sources */ = {isa = PBXBuildFile; fileRef = 2F1A96731DD6AF3700CEB5C7 /* Indent.swift */; };
		49736ACD1DA8113D00A4D73A /* main.swift in Sources */ = {isa = PBXBuildFile; fileRef = 49736ACC1DA8113D00A4D73A /* main.swift */; };
		49736AD11DA8114A00A4D73A /* SwiftParser.swift in Sources */ = {isa = PBXBuildFile; fileRef = 2F151A231D8B9A3F00513FEE /* SwiftParser.swift */; };
		49736AD21DA8114A00A4D73A /* Parser.swift in Sources */ = {isa = PBXBuildFile; fileRef = 2F151A251D8B9A6500513FEE /* Parser.swift */; };
		49736AD31DA8114A00A4D73A /* Extension.swift in Sources */ = {isa = PBXBuildFile; fileRef = 2F151A271D8B9B9100513FEE /* Extension.swift */; };
/* End PBXBuildFile section */

/* Begin PBXContainerItemProxy section */
		2F5745E91D8A83C500094D06 /* PBXContainerItemProxy */ = {
			isa = PBXContainerItemProxy;
			containerPortal = 2F5745D11D8A83C500094D06 /* Project object */;
			proxyType = 1;
			remoteGlobalIDString = 2F5745D81D8A83C500094D06;
			remoteInfo = Swimat;
		};
		2F5746071D8A83E600094D06 /* PBXContainerItemProxy */ = {
			isa = PBXContainerItemProxy;
			containerPortal = 2F5745D11D8A83C500094D06 /* Project object */;
			proxyType = 1;
			remoteGlobalIDString = 2F5745FA1D8A83E600094D06;
			remoteInfo = Extension;
		};
/* End PBXContainerItemProxy section */

/* Begin PBXCopyFilesBuildPhase section */
		2F57460D1D8A83E600094D06 /* Embed App Extensions */ = {
			isa = PBXCopyFilesBuildPhase;
			buildActionMask = 2147483647;
			dstPath = "";
			dstSubfolderSpec = 13;
			files = (
				2F5746091D8A83E600094D06 /* Extension.appex in Embed App Extensions */,
			);
			name = "Embed App Extensions";
			runOnlyForDeploymentPostprocessing = 0;
		};
		49736AC81DA8113D00A4D73A /* CopyFiles */ = {
			isa = PBXCopyFilesBuildPhase;
			buildActionMask = 2147483647;
			dstPath = /usr/share/man/man1/;
			dstSubfolderSpec = 0;
			files = (
			);
			runOnlyForDeploymentPostprocessing = 1;
		};
/* End PBXCopyFilesBuildPhase section */

/* Begin PBXFileReference section */
		2F151A231D8B9A3F00513FEE /* SwiftParser.swift */ = {isa = PBXFileReference; fileEncoding = 4; lastKnownFileType = sourcecode.swift; path = SwiftParser.swift; sourceTree = "<group>"; };
		2F151A251D8B9A6500513FEE /* Parser.swift */ = {isa = PBXFileReference; fileEncoding = 4; lastKnownFileType = sourcecode.swift; path = Parser.swift; sourceTree = "<group>"; };
		2F151A271D8B9B9100513FEE /* Extension.swift */ = {isa = PBXFileReference; fileEncoding = 4; lastKnownFileType = sourcecode.swift; path = Extension.swift; sourceTree = "<group>"; };
		2F1A96731DD6AF3700CEB5C7 /* Indent.swift */ = {isa = PBXFileReference; fileEncoding = 4; lastKnownFileType = sourcecode.swift; path = Indent.swift; sourceTree = "<group>"; };
		2F2BDB321DA90DA0009A137B /* ExtensionTest.swift */ = {isa = PBXFileReference; fileEncoding = 4; lastKnownFileType = sourcecode.swift; path = ExtensionTest.swift; sourceTree = "<group>"; };
		2F5745D91D8A83C500094D06 /* Swimat.app */ = {isa = PBXFileReference; explicitFileType = wrapper.application; includeInIndex = 0; path = Swimat.app; sourceTree = BUILT_PRODUCTS_DIR; };
		2F5745DC1D8A83C500094D06 /* AppDelegate.swift */ = {isa = PBXFileReference; lastKnownFileType = sourcecode.swift; path = AppDelegate.swift; sourceTree = "<group>"; };
		2F5745DE1D8A83C500094D06 /* Assets.xcassets */ = {isa = PBXFileReference; lastKnownFileType = folder.assetcatalog; path = Assets.xcassets; sourceTree = "<group>"; };
		2F5745E11D8A83C500094D06 /* Base */ = {isa = PBXFileReference; lastKnownFileType = file.xib; name = Base; path = Base.lproj/MainMenu.xib; sourceTree = "<group>"; };
		2F5745E31D8A83C500094D06 /* Info.plist */ = {isa = PBXFileReference; lastKnownFileType = text.plist.xml; path = Info.plist; sourceTree = "<group>"; };
		2F5745E81D8A83C500094D06 /* SwimatTests.xctest */ = {isa = PBXFileReference; explicitFileType = wrapper.cfbundle; includeInIndex = 0; path = SwimatTests.xctest; sourceTree = BUILT_PRODUCTS_DIR; };
		2F5745EC1D8A83C500094D06 /* SwimatTests.swift */ = {isa = PBXFileReference; lastKnownFileType = sourcecode.swift; path = SwimatTests.swift; sourceTree = "<group>"; };
		2F5745EE1D8A83C500094D06 /* Info.plist */ = {isa = PBXFileReference; lastKnownFileType = text.plist.xml; path = Info.plist; sourceTree = "<group>"; };
		2F5745FB1D8A83E600094D06 /* Extension.appex */ = {isa = PBXFileReference; explicitFileType = "wrapper.app-extension"; includeInIndex = 0; path = Extension.appex; sourceTree = BUILT_PRODUCTS_DIR; };
		2F5745FD1D8A83E600094D06 /* Cocoa.framework */ = {isa = PBXFileReference; lastKnownFileType = wrapper.framework; name = Cocoa.framework; path = System/Library/Frameworks/Cocoa.framework; sourceTree = SDKROOT; };
		2F5746011D8A83E600094D06 /* Extension.entitlements */ = {isa = PBXFileReference; lastKnownFileType = text.plist.entitlements; path = Extension.entitlements; sourceTree = "<group>"; };
		2F5746021D8A83E600094D06 /* SourceEditorExtension.swift */ = {isa = PBXFileReference; lastKnownFileType = sourcecode.swift; path = SourceEditorExtension.swift; sourceTree = "<group>"; };
		2F5746041D8A83E600094D06 /* SourceEditorCommand.swift */ = {isa = PBXFileReference; lastKnownFileType = sourcecode.swift; path = SourceEditorCommand.swift; sourceTree = "<group>"; };
		2F5746061D8A83E600094D06 /* Info.plist */ = {isa = PBXFileReference; lastKnownFileType = text.plist.xml; path = Info.plist; sourceTree = "<group>"; };
		4910940D1DF4B19D00D271A5 /* OptionParser.swift */ = {isa = PBXFileReference; fileEncoding = 4; lastKnownFileType = sourcecode.swift; name = OptionParser.swift; path = Swimat/OptionParser.swift; sourceTree = SOURCE_ROOT; };
		4910940F1DF4B1DF00D271A5 /* ErrorHandling.swift */ = {isa = PBXFileReference; fileEncoding = 4; lastKnownFileType = sourcecode.swift; path = ErrorHandling.swift; sourceTree = "<group>"; };
		49736ACA1DA8113D00A4D73A /* swimat */ = {isa = PBXFileReference; explicitFileType = "compiled.mach-o.executable"; includeInIndex = 0; path = swimat; sourceTree = BUILT_PRODUCTS_DIR; };
		49736ACC1DA8113D00A4D73A /* main.swift */ = {isa = PBXFileReference; lastKnownFileType = sourcecode.swift; path = main.swift; sourceTree = "<group>"; };
/* End PBXFileReference section */

/* Begin PBXFrameworksBuildPhase section */
		2F5745D61D8A83C500094D06 /* Frameworks */ = {
			isa = PBXFrameworksBuildPhase;
			buildActionMask = 2147483647;
			files = (
			);
			runOnlyForDeploymentPostprocessing = 0;
		};
		2F5745E51D8A83C500094D06 /* Frameworks */ = {
			isa = PBXFrameworksBuildPhase;
			buildActionMask = 2147483647;
			files = (
			);
			runOnlyForDeploymentPostprocessing = 0;
		};
		2F5745F81D8A83E600094D06 /* Frameworks */ = {
			isa = PBXFrameworksBuildPhase;
			buildActionMask = 2147483647;
			files = (
				2F5745FE1D8A83E600094D06 /* Cocoa.framework in Frameworks */,
			);
			runOnlyForDeploymentPostprocessing = 0;
		};
		49736AC71DA8113D00A4D73A /* Frameworks */ = {
			isa = PBXFrameworksBuildPhase;
			buildActionMask = 2147483647;
			files = (
			);
			runOnlyForDeploymentPostprocessing = 0;
		};
/* End PBXFrameworksBuildPhase section */

/* Begin PBXGroup section */
		2F5745D01D8A83C500094D06 = {
			isa = PBXGroup;
			children = (
				2F5745DB1D8A83C500094D06 /* Swimat */,
				2F5745EB1D8A83C500094D06 /* SwimatTests */,
				2F5745FF1D8A83E600094D06 /* Extension */,
				49736ACB1DA8113D00A4D73A /* swimat */,
				2F5745FC1D8A83E600094D06 /* Frameworks */,
				2F5745DA1D8A83C500094D06 /* Products */,
			);
			sourceTree = "<group>";
		};
		2F5745DA1D8A83C500094D06 /* Products */ = {
			isa = PBXGroup;
			children = (
				2F5745D91D8A83C500094D06 /* Swimat.app */,
				2F5745E81D8A83C500094D06 /* SwimatTests.xctest */,
				2F5745FB1D8A83E600094D06 /* Extension.appex */,
				49736ACA1DA8113D00A4D73A /* swimat */,
			);
			name = Products;
			sourceTree = "<group>";
		};
		2F5745DB1D8A83C500094D06 /* Swimat */ = {
			isa = PBXGroup;
			children = (
				2F5745DC1D8A83C500094D06 /* AppDelegate.swift */,
				2F5745DE1D8A83C500094D06 /* Assets.xcassets */,
				2F5745E01D8A83C500094D06 /* MainMenu.xib */,
				2F5745E31D8A83C500094D06 /* Info.plist */,
			);
			path = Swimat;
			sourceTree = "<group>";
		};
		2F5745EB1D8A83C500094D06 /* SwimatTests */ = {
			isa = PBXGroup;
			children = (
				2F5745EC1D8A83C500094D06 /* SwimatTests.swift */,
				2F2BDB321DA90DA0009A137B /* ExtensionTest.swift */,
				2F5745EE1D8A83C500094D06 /* Info.plist */,
			);
			path = SwimatTests;
			sourceTree = "<group>";
		};
		2F5745FC1D8A83E600094D06 /* Frameworks */ = {
			isa = PBXGroup;
			children = (
				2F5745FD1D8A83E600094D06 /* Cocoa.framework */,
			);
			name = Frameworks;
			sourceTree = "<group>";
		};
		2F5745FF1D8A83E600094D06 /* Extension */ = {
			isa = PBXGroup;
			children = (
				2F5746021D8A83E600094D06 /* SourceEditorExtension.swift */,
				2F5746041D8A83E600094D06 /* SourceEditorCommand.swift */,
				2F5746061D8A83E600094D06 /* Info.plist */,
				2F5746001D8A83E600094D06 /* Supporting Files */,
				2F151A231D8B9A3F00513FEE /* SwiftParser.swift */,
				2F151A251D8B9A6500513FEE /* Parser.swift */,
				2F151A271D8B9B9100513FEE /* Extension.swift */,
				2F1A96731DD6AF3700CEB5C7 /* Indent.swift */,
			);
			path = Extension;
			sourceTree = "<group>";
		};
		2F5746001D8A83E600094D06 /* Supporting Files */ = {
			isa = PBXGroup;
			children = (
				2F5746011D8A83E600094D06 /* Extension.entitlements */,
			);
			name = "Supporting Files";
			sourceTree = "<group>";
		};
		49736ACB1DA8113D00A4D73A /* swimat */ = {
			isa = PBXGroup;
			children = (
				49736ACC1DA8113D00A4D73A /* main.swift */,
				4910940F1DF4B1DF00D271A5 /* ErrorHandling.swift */,
				4910940D1DF4B19D00D271A5 /* OptionParser.swift */,
			);
			path = swimat;
			sourceTree = "<group>";
		};
/* End PBXGroup section */

/* Begin PBXNativeTarget section */
		2F5745D81D8A83C500094D06 /* Swimat */ = {
			isa = PBXNativeTarget;
			buildConfigurationList = 2F5745F11D8A83C500094D06 /* Build configuration list for PBXNativeTarget "Swimat" */;
			buildPhases = (
				2F5745D51D8A83C500094D06 /* Sources */,
				2F5745D61D8A83C500094D06 /* Frameworks */,
				2F5745D71D8A83C500094D06 /* Resources */,
				2F57460D1D8A83E600094D06 /* Embed App Extensions */,
			);
			buildRules = (
			);
			dependencies = (
				2F5746081D8A83E600094D06 /* PBXTargetDependency */,
			);
			name = Swimat;
			productName = Swimat;
			productReference = 2F5745D91D8A83C500094D06 /* Swimat.app */;
			productType = "com.apple.product-type.application";
		};
		2F5745E71D8A83C500094D06 /* SwimatTests */ = {
			isa = PBXNativeTarget;
			buildConfigurationList = 2F5745F41D8A83C500094D06 /* Build configuration list for PBXNativeTarget "SwimatTests" */;
			buildPhases = (
				2F5745E41D8A83C500094D06 /* Sources */,
				2F5745E51D8A83C500094D06 /* Frameworks */,
				2F5745E61D8A83C500094D06 /* Resources */,
			);
			buildRules = (
			);
			dependencies = (
				2F5745EA1D8A83C500094D06 /* PBXTargetDependency */,
			);
			name = SwimatTests;
			productName = SwimatTests;
			productReference = 2F5745E81D8A83C500094D06 /* SwimatTests.xctest */;
			productType = "com.apple.product-type.bundle.unit-test";
		};
		2F5745FA1D8A83E600094D06 /* Extension */ = {
			isa = PBXNativeTarget;
			buildConfigurationList = 2F57460A1D8A83E600094D06 /* Build configuration list for PBXNativeTarget "Extension" */;
			buildPhases = (
				2F5745F71D8A83E600094D06 /* Sources */,
				2F5745F81D8A83E600094D06 /* Frameworks */,
				2F5745F91D8A83E600094D06 /* Resources */,
			);
			buildRules = (
			);
			dependencies = (
			);
			name = Extension;
			productName = Extension;
			productReference = 2F5745FB1D8A83E600094D06 /* Extension.appex */;
			productType = "com.apple.product-type.xcode-extension";
		};
		49736AC91DA8113D00A4D73A /* swimat */ = {
			isa = PBXNativeTarget;
			buildConfigurationList = 49736AD01DA8113D00A4D73A /* Build configuration list for PBXNativeTarget "swimat" */;
			buildPhases = (
				49736AC61DA8113D00A4D73A /* Sources */,
				49736AC71DA8113D00A4D73A /* Frameworks */,
				49736AC81DA8113D00A4D73A /* CopyFiles */,
			);
			buildRules = (
			);
			dependencies = (
			);
			name = swimat;
			productName = swimat;
			productReference = 49736ACA1DA8113D00A4D73A /* swimat */;
			productType = "com.apple.product-type.tool";
		};
/* End PBXNativeTarget section */

/* Begin PBXProject section */
		2F5745D11D8A83C500094D06 /* Project object */ = {
			isa = PBXProject;
			attributes = {
				LastSwiftUpdateCheck = 0800;
				LastUpgradeCheck = 0810;
				ORGANIZATIONNAME = jintin;
				TargetAttributes = {
					2F5745D81D8A83C500094D06 = {
						CreatedOnToolsVersion = 8.0;
						DevelopmentTeam = 2HR4N2E675;
						LastSwiftMigration = 0800;
						ProvisioningStyle = Automatic;
					};
					2F5745E71D8A83C500094D06 = {
						CreatedOnToolsVersion = 8.0;
						LastSwiftMigration = 0800;
						ProvisioningStyle = Automatic;
						TestTargetID = 2F5745D81D8A83C500094D06;
					};
					2F5745FA1D8A83E600094D06 = {
						CreatedOnToolsVersion = 8.0;
						DevelopmentTeam = 2HR4N2E675;
						LastSwiftMigration = 0800;
						ProvisioningStyle = Automatic;
					};
					49736AC91DA8113D00A4D73A = {
						CreatedOnToolsVersion = 8.1;
						ProvisioningStyle = Automatic;
					};
				};
			};
			buildConfigurationList = 2F5745D41D8A83C500094D06 /* Build configuration list for PBXProject "Swimat" */;
			compatibilityVersion = "Xcode 3.2";
			developmentRegion = English;
			hasScannedForEncodings = 0;
			knownRegions = (
				en,
				Base,
			);
			mainGroup = 2F5745D01D8A83C500094D06;
			productRefGroup = 2F5745DA1D8A83C500094D06 /* Products */;
			projectDirPath = "";
			projectRoot = "";
			targets = (
				2F5745D81D8A83C500094D06 /* Swimat */,
				2F5745E71D8A83C500094D06 /* SwimatTests */,
				2F5745FA1D8A83E600094D06 /* Extension */,
				49736AC91DA8113D00A4D73A /* swimat */,
			);
		};
/* End PBXProject section */

/* Begin PBXResourcesBuildPhase section */
		2F5745D71D8A83C500094D06 /* Resources */ = {
			isa = PBXResourcesBuildPhase;
			buildActionMask = 2147483647;
			files = (
				2F5745DF1D8A83C500094D06 /* Assets.xcassets in Resources */,
				2F5745E21D8A83C500094D06 /* MainMenu.xib in Resources */,
			);
			runOnlyForDeploymentPostprocessing = 0;
		};
		2F5745E61D8A83C500094D06 /* Resources */ = {
			isa = PBXResourcesBuildPhase;
			buildActionMask = 2147483647;
			files = (
			);
			runOnlyForDeploymentPostprocessing = 0;
		};
		2F5745F91D8A83E600094D06 /* Resources */ = {
			isa = PBXResourcesBuildPhase;
			buildActionMask = 2147483647;
			files = (
			);
			runOnlyForDeploymentPostprocessing = 0;
		};
/* End PBXResourcesBuildPhase section */

/* Begin PBXSourcesBuildPhase section */
		2F5745D51D8A83C500094D06 /* Sources */ = {
			isa = PBXSourcesBuildPhase;
			buildActionMask = 2147483647;
			files = (
				2F5745DD1D8A83C500094D06 /* AppDelegate.swift in Sources */,
			);
			runOnlyForDeploymentPostprocessing = 0;
		};
		2F5745E41D8A83C500094D06 /* Sources */ = {
			isa = PBXSourcesBuildPhase;
			buildActionMask = 2147483647;
			files = (
				2F2BDB341DA90DEE009A137B /* Extension.swift in Sources */,
				2F5745ED1D8A83C500094D06 /* SwimatTests.swift in Sources */,
				2F2BDB361DA90E6F009A137B /* Parser.swift in Sources */,
				2F1A96741DD6AF3700CEB5C7 /* Indent.swift in Sources */,
				2F2BDB351DA90E6C009A137B /* SwiftParser.swift in Sources */,
				2F2BDB331DA90DA0009A137B /* ExtensionTest.swift in Sources */,
			);
			runOnlyForDeploymentPostprocessing = 0;
		};
		2F5745F71D8A83E600094D06 /* Sources */ = {
			isa = PBXSourcesBuildPhase;
			buildActionMask = 2147483647;
			files = (
				2F151A281D8B9B9100513FEE /* Extension.swift in Sources */,
				2F151A261D8B9A6500513FEE /* Parser.swift in Sources */,
				2F151A241D8B9A3F00513FEE /* SwiftParser.swift in Sources */,
				2F1A96751DD6AF3700CEB5C7 /* Indent.swift in Sources */,
				2F5746031D8A83E600094D06 /* SourceEditorExtension.swift in Sources */,
				2F5746051D8A83E600094D06 /* SourceEditorCommand.swift in Sources */,
			);
			runOnlyForDeploymentPostprocessing = 0;
		};
		49736AC61DA8113D00A4D73A /* Sources */ = {
			isa = PBXSourcesBuildPhase;
			buildActionMask = 2147483647;
			files = (
				49736AD11DA8114A00A4D73A /* SwiftParser.swift in Sources */,
				491094121DF4B9C800D271A5 /* Indent.swift in Sources */,
				4910940E1DF4B19D00D271A5 /* OptionParser.swift in Sources */,
				49736ACD1DA8113D00A4D73A /* main.swift in Sources */,
				491094101DF4B1DF00D271A5 /* ErrorHandling.swift in Sources */,
				49736AD21DA8114A00A4D73A /* Parser.swift in Sources */,
				49736AD31DA8114A00A4D73A /* Extension.swift in Sources */,
			);
			runOnlyForDeploymentPostprocessing = 0;
		};
/* End PBXSourcesBuildPhase section */

/* Begin PBXTargetDependency section */
		2F5745EA1D8A83C500094D06 /* PBXTargetDependency */ = {
			isa = PBXTargetDependency;
			target = 2F5745D81D8A83C500094D06 /* Swimat */;
			targetProxy = 2F5745E91D8A83C500094D06 /* PBXContainerItemProxy */;
		};
		2F5746081D8A83E600094D06 /* PBXTargetDependency */ = {
			isa = PBXTargetDependency;
			target = 2F5745FA1D8A83E600094D06 /* Extension */;
			targetProxy = 2F5746071D8A83E600094D06 /* PBXContainerItemProxy */;
		};
/* End PBXTargetDependency section */

/* Begin PBXVariantGroup section */
		2F5745E01D8A83C500094D06 /* MainMenu.xib */ = {
			isa = PBXVariantGroup;
			children = (
				2F5745E11D8A83C500094D06 /* Base */,
			);
			name = MainMenu.xib;
			sourceTree = "<group>";
		};
/* End PBXVariantGroup section */

/* Begin XCBuildConfiguration section */
		2F5745EF1D8A83C500094D06 /* Debug */ = {
			isa = XCBuildConfiguration;
			buildSettings = {
				ALWAYS_SEARCH_USER_PATHS = NO;
				CLANG_ANALYZER_NONNULL = YES;
				CLANG_CXX_LANGUAGE_STANDARD = "gnu++0x";
				CLANG_CXX_LIBRARY = "libc++";
				CLANG_ENABLE_MODULES = YES;
				CLANG_ENABLE_OBJC_ARC = YES;
				CLANG_WARN_BOOL_CONVERSION = YES;
				CLANG_WARN_CONSTANT_CONVERSION = YES;
				CLANG_WARN_DIRECT_OBJC_ISA_USAGE = YES_ERROR;
				CLANG_WARN_DOCUMENTATION_COMMENTS = YES;
				CLANG_WARN_EMPTY_BODY = YES;
				CLANG_WARN_ENUM_CONVERSION = YES;
				CLANG_WARN_INFINITE_RECURSION = YES;
				CLANG_WARN_INT_CONVERSION = YES;
				CLANG_WARN_OBJC_ROOT_CLASS = YES_ERROR;
				CLANG_WARN_SUSPICIOUS_MOVE = YES;
				CLANG_WARN_SUSPICIOUS_MOVES = YES;
				CLANG_WARN_UNREACHABLE_CODE = YES;
				CLANG_WARN__DUPLICATE_METHOD_MATCH = YES;
				CODE_SIGN_IDENTITY = "-";
				COPY_PHASE_STRIP = NO;
				DEBUG_INFORMATION_FORMAT = dwarf;
				ENABLE_STRICT_OBJC_MSGSEND = YES;
				ENABLE_TESTABILITY = YES;
				GCC_C_LANGUAGE_STANDARD = gnu99;
				GCC_DYNAMIC_NO_PIC = NO;
				GCC_NO_COMMON_BLOCKS = YES;
				GCC_OPTIMIZATION_LEVEL = 0;
				GCC_PREPROCESSOR_DEFINITIONS = (
					"DEBUG=1",
					"$(inherited)",
				);
				GCC_WARN_64_TO_32_BIT_CONVERSION = YES;
				GCC_WARN_ABOUT_RETURN_TYPE = YES_ERROR;
				GCC_WARN_UNDECLARED_SELECTOR = YES;
				GCC_WARN_UNINITIALIZED_AUTOS = YES_AGGRESSIVE;
				GCC_WARN_UNUSED_FUNCTION = YES;
				GCC_WARN_UNUSED_VARIABLE = YES;
				MACOSX_DEPLOYMENT_TARGET = 10.11;
				MTL_ENABLE_DEBUG_INFO = YES;
				ONLY_ACTIVE_ARCH = YES;
				SDKROOT = macosx;
				SWIFT_ACTIVE_COMPILATION_CONDITIONS = DEBUG;
				SWIFT_OPTIMIZATION_LEVEL = "-Onone";
				SWIFT_VERSION = 3.0;
			};
			name = Debug;
		};
		2F5745F01D8A83C500094D06 /* Release */ = {
			isa = XCBuildConfiguration;
			buildSettings = {
				ALWAYS_SEARCH_USER_PATHS = NO;
				CLANG_ANALYZER_NONNULL = YES;
				CLANG_CXX_LANGUAGE_STANDARD = "gnu++0x";
				CLANG_CXX_LIBRARY = "libc++";
				CLANG_ENABLE_MODULES = YES;
				CLANG_ENABLE_OBJC_ARC = YES;
				CLANG_WARN_BOOL_CONVERSION = YES;
				CLANG_WARN_CONSTANT_CONVERSION = YES;
				CLANG_WARN_DIRECT_OBJC_ISA_USAGE = YES_ERROR;
				CLANG_WARN_DOCUMENTATION_COMMENTS = YES;
				CLANG_WARN_EMPTY_BODY = YES;
				CLANG_WARN_ENUM_CONVERSION = YES;
				CLANG_WARN_INFINITE_RECURSION = YES;
				CLANG_WARN_INT_CONVERSION = YES;
				CLANG_WARN_OBJC_ROOT_CLASS = YES_ERROR;
				CLANG_WARN_SUSPICIOUS_MOVE = YES;
				CLANG_WARN_SUSPICIOUS_MOVES = YES;
				CLANG_WARN_UNREACHABLE_CODE = YES;
				CLANG_WARN__DUPLICATE_METHOD_MATCH = YES;
				CODE_SIGN_IDENTITY = "-";
				COPY_PHASE_STRIP = NO;
				DEBUG_INFORMATION_FORMAT = "dwarf-with-dsym";
				ENABLE_NS_ASSERTIONS = NO;
				ENABLE_STRICT_OBJC_MSGSEND = YES;
				GCC_C_LANGUAGE_STANDARD = gnu99;
				GCC_NO_COMMON_BLOCKS = YES;
				GCC_WARN_64_TO_32_BIT_CONVERSION = YES;
				GCC_WARN_ABOUT_RETURN_TYPE = YES_ERROR;
				GCC_WARN_UNDECLARED_SELECTOR = YES;
				GCC_WARN_UNINITIALIZED_AUTOS = YES_AGGRESSIVE;
				GCC_WARN_UNUSED_FUNCTION = YES;
				GCC_WARN_UNUSED_VARIABLE = YES;
				MACOSX_DEPLOYMENT_TARGET = 10.11;
				MTL_ENABLE_DEBUG_INFO = NO;
				SDKROOT = macosx;
				SWIFT_OPTIMIZATION_LEVEL = "-Owholemodule";
				SWIFT_VERSION = 3.0;
			};
			name = Release;
		};
		2F5745F21D8A83C500094D06 /* Debug */ = {
			isa = XCBuildConfiguration;
			buildSettings = {
				ALWAYS_EMBED_SWIFT_STANDARD_LIBRARIES = YES;
				ASSETCATALOG_COMPILER_APPICON_NAME = AppIcon;
				CODE_SIGN_IDENTITY = "Mac Developer";
				COMBINE_HIDPI_IMAGES = YES;
				DEVELOPMENT_TEAM = 2HR4N2E675;
				INFOPLIST_FILE = Swimat/Info.plist;
				LD_RUNPATH_SEARCH_PATHS = "$(inherited) @executable_path/../Frameworks";
				PRODUCT_BUNDLE_IDENTIFIER = com.jintin.Swimat;
				PRODUCT_NAME = "$(TARGET_NAME)";
				SWIFT_VERSION = 3.0;
			};
			name = Debug;
		};
		2F5745F31D8A83C500094D06 /* Release */ = {
			isa = XCBuildConfiguration;
			buildSettings = {
				ALWAYS_EMBED_SWIFT_STANDARD_LIBRARIES = YES;
				ASSETCATALOG_COMPILER_APPICON_NAME = AppIcon;
				CODE_SIGN_IDENTITY = "Mac Developer";
				COMBINE_HIDPI_IMAGES = YES;
				DEVELOPMENT_TEAM = 2HR4N2E675;
				INFOPLIST_FILE = Swimat/Info.plist;
				LD_RUNPATH_SEARCH_PATHS = "$(inherited) @executable_path/../Frameworks";
				PRODUCT_BUNDLE_IDENTIFIER = com.jintin.Swimat;
				PRODUCT_NAME = "$(TARGET_NAME)";
				SWIFT_VERSION = 3.0;
			};
			name = Release;
		};
		2F5745F51D8A83C500094D06 /* Debug */ = {
			isa = XCBuildConfiguration;
			buildSettings = {
				ALWAYS_EMBED_SWIFT_STANDARD_LIBRARIES = YES;
				BUNDLE_LOADER = "$(TEST_HOST)";
				COMBINE_HIDPI_IMAGES = YES;
				INFOPLIST_FILE = SwimatTests/Info.plist;
				LD_RUNPATH_SEARCH_PATHS = "$(inherited) @executable_path/../Frameworks @loader_path/../Frameworks";
				PRODUCT_BUNDLE_IDENTIFIER = com.jintin.SwimatTests;
				PRODUCT_NAME = "$(TARGET_NAME)";
				SWIFT_VERSION = 3.0;
				TEST_HOST = "$(BUILT_PRODUCTS_DIR)/Swimat.app/Contents/MacOS/Swimat";
			};
			name = Debug;
		};
		2F5745F61D8A83C500094D06 /* Release */ = {
			isa = XCBuildConfiguration;
			buildSettings = {
				ALWAYS_EMBED_SWIFT_STANDARD_LIBRARIES = YES;
				BUNDLE_LOADER = "$(TEST_HOST)";
				COMBINE_HIDPI_IMAGES = YES;
				INFOPLIST_FILE = SwimatTests/Info.plist;
				LD_RUNPATH_SEARCH_PATHS = "$(inherited) @executable_path/../Frameworks @loader_path/../Frameworks";
				PRODUCT_BUNDLE_IDENTIFIER = com.jintin.SwimatTests;
				PRODUCT_NAME = "$(TARGET_NAME)";
				SWIFT_VERSION = 3.0;
				TEST_HOST = "$(BUILT_PRODUCTS_DIR)/Swimat.app/Contents/MacOS/Swimat";
			};
			name = Release;
		};
		2F57460B1D8A83E600094D06 /* Debug */ = {
			isa = XCBuildConfiguration;
			buildSettings = {
				CODE_SIGN_ENTITLEMENTS = Extension/Extension.entitlements;
				CODE_SIGN_IDENTITY = "Mac Developer";
				COMBINE_HIDPI_IMAGES = YES;
				DEVELOPMENT_TEAM = 2HR4N2E675;
				INFOPLIST_FILE = Extension/Info.plist;
				LD_RUNPATH_SEARCH_PATHS = "$(inherited) @executable_path/../Frameworks @executable_path/../../../../Frameworks";
				MACOSX_DEPLOYMENT_TARGET = 10.11;
				PRODUCT_BUNDLE_IDENTIFIER = com.jintin.Swimat.Extension;
				PRODUCT_NAME = "$(TARGET_NAME)";
				SKIP_INSTALL = YES;
				SWIFT_VERSION = 3.0;
			};
			name = Debug;
		};
		2F57460C1D8A83E600094D06 /* Release */ = {
			isa = XCBuildConfiguration;
			buildSettings = {
				CODE_SIGN_ENTITLEMENTS = Extension/Extension.entitlements;
				CODE_SIGN_IDENTITY = "Mac Developer";
				COMBINE_HIDPI_IMAGES = YES;
				DEVELOPMENT_TEAM = 2HR4N2E675;
				INFOPLIST_FILE = Extension/Info.plist;
				LD_RUNPATH_SEARCH_PATHS = "$(inherited) @executable_path/../Frameworks @executable_path/../../../../Frameworks";
				MACOSX_DEPLOYMENT_TARGET = 10.11;
				PRODUCT_BUNDLE_IDENTIFIER = com.jintin.Swimat.Extension;
				PRODUCT_NAME = "$(TARGET_NAME)";
				SKIP_INSTALL = YES;
				SWIFT_VERSION = 3.0;
			};
			name = Release;
		};
		49736ACE1DA8113D00A4D73A /* Debug */ = {
			isa = XCBuildConfiguration;
			buildSettings = {
				MACOSX_DEPLOYMENT_TARGET = 10.12;
				PRODUCT_NAME = "$(TARGET_NAME)";
				SWIFT_VERSION = 3.0;
			};
			name = Debug;
		};
		49736ACF1DA8113D00A4D73A /* Release */ = {
			isa = XCBuildConfiguration;
			buildSettings = {
				MACOSX_DEPLOYMENT_TARGET = 10.12;
				PRODUCT_NAME = "$(TARGET_NAME)";
				SWIFT_VERSION = 3.0;
			};
			name = Release;
		};
/* End XCBuildConfiguration section */

/* Begin XCConfigurationList section */
		2F5745D41D8A83C500094D06 /* Build configuration list for PBXProject "Swimat" */ = {
			isa = XCConfigurationList;
			buildConfigurations = (
				2F5745EF1D8A83C500094D06 /* Debug */,
				2F5745F01D8A83C500094D06 /* Release */,
			);
			defaultConfigurationIsVisible = 0;
			defaultConfigurationName = Release;
		};
		2F5745F11D8A83C500094D06 /* Build configuration list for PBXNativeTarget "Swimat" */ = {
			isa = XCConfigurationList;
			buildConfigurations = (
				2F5745F21D8A83C500094D06 /* Debug */,
				2F5745F31D8A83C500094D06 /* Release */,
			);
			defaultConfigurationIsVisible = 0;
			defaultConfigurationName = Release;
		};
		2F5745F41D8A83C500094D06 /* Build configuration list for PBXNativeTarget "SwimatTests" */ = {
			isa = XCConfigurationList;
			buildConfigurations = (
				2F5745F51D8A83C500094D06 /* Debug */,
				2F5745F61D8A83C500094D06 /* Release */,
			);
			defaultConfigurationIsVisible = 0;
			defaultConfigurationName = Release;
		};
		2F57460A1D8A83E600094D06 /* Build configuration list for PBXNativeTarget "Extension" */ = {
			isa = XCConfigurationList;
			buildConfigurations = (
				2F57460B1D8A83E600094D06 /* Debug */,
				2F57460C1D8A83E600094D06 /* Release */,
			);
			defaultConfigurationIsVisible = 0;
			defaultConfigurationName = Release;
		};
		49736AD01DA8113D00A4D73A /* Build configuration list for PBXNativeTarget "swimat" */ = {
			isa = XCConfigurationList;
			buildConfigurations = (
				49736ACE1DA8113D00A4D73A /* Debug */,
				49736ACF1DA8113D00A4D73A /* Release */,
			);
			defaultConfigurationIsVisible = 0;
			defaultConfigurationName = Release;
		};
/* End XCConfigurationList section */
	};
	rootObject = 2F5745D11D8A83C500094D06 /* Project object */;
}
